
Microsoft Visual Studio Solution File, Format Version 12.00
# Visual Studio 15
VisualStudioVersion = 15.0.28307.168
MinimumVisualStudioVersion = 10.0.40219.1
Project("{FAE04EC0-301F-11D3-BF4B-00C04F79EFBC}") = "MailMessage", "MailMessage\MailMessage.csproj", "{BBCE09C0-E139-4092-AD8F-7BE827B46E4E}"
EndProject
Global
	GlobalSection(SolutionConfigurationPlatforms) = preSolution
		Debug|Any CPU = Debug|Any CPU
		Release|Any CPU = Release|Any CPU
	EndGlobalSection
	GlobalSection(ProjectConfigurationPlatforms) = postSolution
		{BBCE09C0-E139-4092-AD8F-7BE827B46E4E}.Debug|Any CPU.ActiveCfg = Debug|Any CPU
		{BBCE09C0-E139-4092-AD8F-7BE827B46E4E}.Debug|Any CPU.Build.0 = Debug|Any CPU
		{BBCE09C0-E139-4092-AD8F-7BE827B46E4E}.Release|Any CPU.ActiveCfg = Release|Any CPU
		{BBCE09C0-E139-4092-AD8F-7BE827B46E4E}.Release|Any CPU.Build.0 = Release|Any CPU
	EndGlobalSection
	GlobalSection(SolutionProperties) = preSolution
		HideSolutionNode = FALSE
	EndGlobalSection
	GlobalSection(ExtensibilityGlobals) = postSolution
		SolutionGuid = {184629C0-E745-4E4F-A4C6-4E18E0E017E2}
	EndGlobalSection
EndGlobal
